// !$*UTF8*$!
{
	archiveVersion = 1;
	classes = {
	};
	objectVersion = 56;
	objects = {

/* Begin PBXBuildFile section */
		BA71E4572B23D9D300008E23 /* ALColorPalette.swift in Sources */ = {isa = PBXBuildFile; fileRef = BA71E4492B23D9D300008E23 /* ALColorPalette.swift */; };
		BA71E4582B23D9D300008E23 /* ALColor.swift in Sources */ = {isa = PBXBuildFile; fileRef = BA71E44A2B23D9D300008E23 /* ALColor.swift */; };
		BA71E4602B23D9D300008E23 /* Typography.swift in Sources */ = {isa = PBXBuildFile; fileRef = BA71E4542B23D9D300008E23 /* Typography.swift */; };
		BA71E4612B23D9D300008E23 /* ButtonTypography.swift in Sources */ = {isa = PBXBuildFile; fileRef = BA71E4552B23D9D300008E23 /* ButtonTypography.swift */; };
		BA71E4622B23D9D300008E23 /* TypoPreview.swift in Sources */ = {isa = PBXBuildFile; fileRef = BA71E4562B23D9D300008E23 /* TypoPreview.swift */; };
		BA71E4642B23D9F500008E23 /* VitaListView.swift in Sources */ = {isa = PBXBuildFile; fileRef = BA71E4632B23D9F500008E23 /* VitaListView.swift */; };
		BA71E4672B23DB0E00008E23 /* View+ALDesign.swift in Sources */ = {isa = PBXBuildFile; fileRef = BA71E4652B23DB0E00008E23 /* View+ALDesign.swift */; };
		BA71E4682B23DB0E00008E23 /* TypographyModifier.swift in Sources */ = {isa = PBXBuildFile; fileRef = BA71E4662B23DB0E00008E23 /* TypographyModifier.swift */; };
		BA71E46B2B23DF2200008E23 /* qna.json in Resources */ = {isa = PBXBuildFile; fileRef = BA71E46A2B23DF2200008E23 /* qna.json */; };
		BA71E46D2B23DF5B00008E23 /* QnA.swift in Sources */ = {isa = PBXBuildFile; fileRef = BA71E46C2B23DF5B00008E23 /* QnA.swift */; };
		BA71E4702B23F68600008E23 /* FetchQnAUseCase.swift in Sources */ = {isa = PBXBuildFile; fileRef = BA71E46F2B23F68600008E23 /* FetchQnAUseCase.swift */; };
		BA71E4722B23F70000008E23 /* QnAListView.swift in Sources */ = {isa = PBXBuildFile; fileRef = BA71E4712B23F70000008E23 /* QnAListView.swift */; };
		BA8377EE2B1189350058400E /* MyVitaApp.swift in Sources */ = {isa = PBXBuildFile; fileRef = BA8377ED2B1189350058400E /* MyVitaApp.swift */; };
		BA8377F02B1189350058400E /* ContentView.swift in Sources */ = {isa = PBXBuildFile; fileRef = BA8377EF2B1189350058400E /* ContentView.swift */; };
		BA8377F22B1189350058400E /* Assets.xcassets in Resources */ = {isa = PBXBuildFile; fileRef = BA8377F12B1189350058400E /* Assets.xcassets */; };
		BA8377F52B1189350058400E /* Preview Assets.xcassets in Resources */ = {isa = PBXBuildFile; fileRef = BA8377F42B1189350058400E /* Preview Assets.xcassets */; };
		BA8377FD2B118D7E0058400E /* StatusInputtable.swift in Sources */ = {isa = PBXBuildFile; fileRef = BA8377FC2B118D7E0058400E /* StatusInputtable.swift */; };
		BA8378002B118E470058400E /* UserStatus.swift in Sources */ = {isa = PBXBuildFile; fileRef = BA8377FF2B118E470058400E /* UserStatus.swift */; };
/* End PBXBuildFile section */

/* Begin PBXFileReference section */
		BA71E4492B23D9D300008E23 /* ALColorPalette.swift */ = {isa = PBXFileReference; fileEncoding = 4; lastKnownFileType = sourcecode.swift; path = ALColorPalette.swift; sourceTree = "<group>"; };
		BA71E44A2B23D9D300008E23 /* ALColor.swift */ = {isa = PBXFileReference; fileEncoding = 4; lastKnownFileType = sourcecode.swift; path = ALColor.swift; sourceTree = "<group>"; };
		BA71E4542B23D9D300008E23 /* Typography.swift */ = {isa = PBXFileReference; fileEncoding = 4; lastKnownFileType = sourcecode.swift; path = Typography.swift; sourceTree = "<group>"; };
		BA71E4552B23D9D300008E23 /* ButtonTypography.swift */ = {isa = PBXFileReference; fileEncoding = 4; lastKnownFileType = sourcecode.swift; path = ButtonTypography.swift; sourceTree = "<group>"; };
		BA71E4562B23D9D300008E23 /* TypoPreview.swift */ = {isa = PBXFileReference; fileEncoding = 4; lastKnownFileType = sourcecode.swift; path = TypoPreview.swift; sourceTree = "<group>"; };
		BA71E4632B23D9F500008E23 /* VitaListView.swift */ = {isa = PBXFileReference; lastKnownFileType = sourcecode.swift; path = VitaListView.swift; sourceTree = "<group>"; };
		BA71E4652B23DB0E00008E23 /* View+ALDesign.swift */ = {isa = PBXFileReference; fileEncoding = 4; lastKnownFileType = sourcecode.swift; path = "View+ALDesign.swift"; sourceTree = "<group>"; };
		BA71E4662B23DB0E00008E23 /* TypographyModifier.swift */ = {isa = PBXFileReference; fileEncoding = 4; lastKnownFileType = sourcecode.swift; path = TypographyModifier.swift; sourceTree = "<group>"; };
		BA71E46A2B23DF2200008E23 /* qna.json */ = {isa = PBXFileReference; fileEncoding = 4; lastKnownFileType = text.json; path = qna.json; sourceTree = "<group>"; };
		BA71E46C2B23DF5B00008E23 /* QnA.swift */ = {isa = PBXFileReference; lastKnownFileType = sourcecode.swift; path = QnA.swift; sourceTree = "<group>"; };
		BA71E46F2B23F68600008E23 /* FetchQnAUseCase.swift */ = {isa = PBXFileReference; lastKnownFileType = sourcecode.swift; path = FetchQnAUseCase.swift; sourceTree = "<group>"; };
		BA71E4712B23F70000008E23 /* QnAListView.swift */ = {isa = PBXFileReference; lastKnownFileType = sourcecode.swift; path = QnAListView.swift; sourceTree = "<group>"; };
		BA8377EA2B1189350058400E /* MyVita.app */ = {isa = PBXFileReference; explicitFileType = wrapper.application; includeInIndex = 0; path = MyVita.app; sourceTree = BUILT_PRODUCTS_DIR; };
		BA8377ED2B1189350058400E /* MyVitaApp.swift */ = {isa = PBXFileReference; lastKnownFileType = sourcecode.swift; path = MyVitaApp.swift; sourceTree = "<group>"; };
		BA8377EF2B1189350058400E /* ContentView.swift */ = {isa = PBXFileReference; lastKnownFileType = sourcecode.swift; path = ContentView.swift; sourceTree = "<group>"; };
		BA8377F12B1189350058400E /* Assets.xcassets */ = {isa = PBXFileReference; lastKnownFileType = folder.assetcatalog; path = Assets.xcassets; sourceTree = "<group>"; };
		BA8377F42B1189350058400E /* Preview Assets.xcassets */ = {isa = PBXFileReference; lastKnownFileType = folder.assetcatalog; path = "Preview Assets.xcassets"; sourceTree = "<group>"; };
		BA8377FC2B118D7E0058400E /* StatusInputtable.swift */ = {isa = PBXFileReference; lastKnownFileType = sourcecode.swift; path = StatusInputtable.swift; sourceTree = "<group>"; };
		BA8377FF2B118E470058400E /* UserStatus.swift */ = {isa = PBXFileReference; lastKnownFileType = sourcecode.swift; path = UserStatus.swift; sourceTree = "<group>"; };
/* End PBXFileReference section */

/* Begin PBXFrameworksBuildPhase section */
		BA8377E72B1189350058400E /* Frameworks */ = {
			isa = PBXFrameworksBuildPhase;
			buildActionMask = 2147483647;
			files = (
			);
			runOnlyForDeploymentPostprocessing = 0;
		};
/* End PBXFrameworksBuildPhase section */

/* Begin PBXGroup section */
		BA71E4452B23D9AB00008E23 /* Presentation */ = {
			isa = PBXGroup;
			children = (
				BA71E4632B23D9F500008E23 /* VitaListView.swift */,
				BA71E4712B23F70000008E23 /* QnAListView.swift */,
			);
			path = Presentation;
			sourceTree = "<group>";
		};
		BA71E4462B23D9B300008E23 /* Libraries */ = {
			isa = PBXGroup;
			children = (
				BA71E4472B23D9D300008E23 /* Foundation */,
			);
			path = Libraries;
			sourceTree = "<group>";
		};
		BA71E4472B23D9D300008E23 /* Foundation */ = {
			isa = PBXGroup;
			children = (
				BA71E4662B23DB0E00008E23 /* TypographyModifier.swift */,
				BA71E4652B23DB0E00008E23 /* View+ALDesign.swift */,
				BA71E4482B23D9D300008E23 /* Colors */,
				BA71E4532B23D9D300008E23 /* Typography */,
			);
			path = Foundation;
			sourceTree = "<group>";
		};
		BA71E4482B23D9D300008E23 /* Colors */ = {
			isa = PBXGroup;
			children = (
				BA71E4492B23D9D300008E23 /* ALColorPalette.swift */,
				BA71E44A2B23D9D300008E23 /* ALColor.swift */,
			);
			path = Colors;
			sourceTree = "<group>";
		};
		BA71E4532B23D9D300008E23 /* Typography */ = {
			isa = PBXGroup;
			children = (
				BA71E4542B23D9D300008E23 /* Typography.swift */,
				BA71E4552B23D9D300008E23 /* ButtonTypography.swift */,
				BA71E4562B23D9D300008E23 /* TypoPreview.swift */,
			);
			path = Typography;
			sourceTree = "<group>";
		};
		BA71E4692B23DD6F00008E23 /* Resources */ = {
			isa = PBXGroup;
			children = (
			);
			path = Resources;
			sourceTree = "<group>";
		};
		BA71E46E2B23F67400008E23 /* UseCases */ = {
			isa = PBXGroup;
			children = (
				BA71E46F2B23F68600008E23 /* FetchQnAUseCase.swift */,
			);
			path = UseCases;
			sourceTree = "<group>";
		};
		BA8377E12B1189350058400E = {
			isa = PBXGroup;
			children = (
				BA8377EC2B1189350058400E /* MyVita */,
				BA8377EB2B1189350058400E /* Products */,
			);
			sourceTree = "<group>";
		};
		BA8377EB2B1189350058400E /* Products */ = {
			isa = PBXGroup;
			children = (
				BA8377EA2B1189350058400E /* MyVita.app */,
			);
			name = Products;
			sourceTree = "<group>";
		};
		BA8377EC2B1189350058400E /* MyVita */ = {
			isa = PBXGroup;
			children = (
				BA71E4692B23DD6F00008E23 /* Resources */,
				BA71E4462B23D9B300008E23 /* Libraries */,
				BA71E4452B23D9AB00008E23 /* Presentation */,
				BA8377FB2B118D6F0058400E /* Domain */,
				BA8377ED2B1189350058400E /* MyVitaApp.swift */,
				BA8377EF2B1189350058400E /* ContentView.swift */,
				BA8377F12B1189350058400E /* Assets.xcassets */,
				BA8377F32B1189350058400E /* Preview Content */,
			);
			path = MyVita;
			sourceTree = "<group>";
		};
		BA8377F32B1189350058400E /* Preview Content */ = {
			isa = PBXGroup;
			children = (
				BA8377F42B1189350058400E /* Preview Assets.xcassets */,
			);
			path = "Preview Content";
			sourceTree = "<group>";
		};
		BA8377FB2B118D6F0058400E /* Domain */ = {
			isa = PBXGroup;
			children = (
				BA71E46E2B23F67400008E23 /* UseCases */,
				BA8377FE2B118E3A0058400E /* Model */,
				BA8377FC2B118D7E0058400E /* StatusInputtable.swift */,
			);
			path = Domain;
			sourceTree = "<group>";
		};
		BA8377FE2B118E3A0058400E /* Model */ = {
			isa = PBXGroup;
			children = (
				BA71E46A2B23DF2200008E23 /* qna.json */,
				BA8377FF2B118E470058400E /* UserStatus.swift */,
				BA71E46C2B23DF5B00008E23 /* QnA.swift */,
			);
			path = Model;
			sourceTree = "<group>";
		};
/* End PBXGroup section */

/* Begin PBXNativeTarget section */
		BA8377E92B1189350058400E /* MyVita */ = {
			isa = PBXNativeTarget;
			buildConfigurationList = BA8377F82B1189350058400E /* Build configuration list for PBXNativeTarget "MyVita" */;
			buildPhases = (
				BA8377E62B1189350058400E /* Sources */,
				BA8377E72B1189350058400E /* Frameworks */,
				BA8377E82B1189350058400E /* Resources */,
			);
			buildRules = (
			);
			dependencies = (
			);
			name = MyVita;
			productName = MyVita;
			productReference = BA8377EA2B1189350058400E /* MyVita.app */;
			productType = "com.apple.product-type.application";
		};
/* End PBXNativeTarget section */

/* Begin PBXProject section */
		BA8377E22B1189350058400E /* Project object */ = {
			isa = PBXProject;
			attributes = {
				BuildIndependentTargetsInParallel = 1;
				LastSwiftUpdateCheck = 1500;
				LastUpgradeCheck = 1500;
				TargetAttributes = {
					BA8377E92B1189350058400E = {
						CreatedOnToolsVersion = 15.0;
					};
				};
			};
			buildConfigurationList = BA8377E52B1189350058400E /* Build configuration list for PBXProject "MyVita" */;
			compatibilityVersion = "Xcode 14.0";
			developmentRegion = en;
			hasScannedForEncodings = 0;
			knownRegions = (
				en,
				Base,
			);
			mainGroup = BA8377E12B1189350058400E;
			productRefGroup = BA8377EB2B1189350058400E /* Products */;
			projectDirPath = "";
			projectRoot = "";
			targets = (
				BA8377E92B1189350058400E /* MyVita */,
			);
		};
/* End PBXProject section */

/* Begin PBXResourcesBuildPhase section */
		BA8377E82B1189350058400E /* Resources */ = {
			isa = PBXResourcesBuildPhase;
			buildActionMask = 2147483647;
			files = (
				BA8377F52B1189350058400E /* Preview Assets.xcassets in Resources */,
				BA8377F22B1189350058400E /* Assets.xcassets in Resources */,
				BA71E46B2B23DF2200008E23 /* qna.json in Resources */,
			);
			runOnlyForDeploymentPostprocessing = 0;
		};
/* End PBXResourcesBuildPhase section */

/* Begin PBXSourcesBuildPhase section */
		BA8377E62B1189350058400E /* Sources */ = {
			isa = PBXSourcesBuildPhase;
			buildActionMask = 2147483647;
			files = (
				BA71E4672B23DB0E00008E23 /* View+ALDesign.swift in Sources */,
				BA71E4722B23F70000008E23 /* QnAListView.swift in Sources */,
				BA71E4602B23D9D300008E23 /* Typography.swift in Sources */,
				BA71E4582B23D9D300008E23 /* ALColor.swift in Sources */,
				BA71E4572B23D9D300008E23 /* ALColorPalette.swift in Sources */,
				BA8377F02B1189350058400E /* ContentView.swift in Sources */,
				BA71E4682B23DB0E00008E23 /* TypographyModifier.swift in Sources */,
				BA8377FD2B118D7E0058400E /* StatusInputtable.swift in Sources */,
				BA71E4622B23D9D300008E23 /* TypoPreview.swift in Sources */,
				BA71E4612B23D9D300008E23 /* ButtonTypography.swift in Sources */,
				BA71E4702B23F68600008E23 /* FetchQnAUseCase.swift in Sources */,
				BA71E46D2B23DF5B00008E23 /* QnA.swift in Sources */,
				BA8378002B118E470058400E /* UserStatus.swift in Sources */,
				BA8377EE2B1189350058400E /* MyVitaApp.swift in Sources */,
				BA71E4642B23D9F500008E23 /* VitaListView.swift in Sources */,
			);
			runOnlyForDeploymentPostprocessing = 0;
		};
/* End PBXSourcesBuildPhase section */

/* Begin XCBuildConfiguration section */
		BA8377F62B1189350058400E /* Debug */ = {
			isa = XCBuildConfiguration;
			buildSettings = {
				ALWAYS_SEARCH_USER_PATHS = NO;
				ASSETCATALOG_COMPILER_GENERATE_SWIFT_ASSET_SYMBOL_EXTENSIONS = YES;
				CLANG_ANALYZER_NONNULL = YES;
				CLANG_ANALYZER_NUMBER_OBJECT_CONVERSION = YES_AGGRESSIVE;
				CLANG_CXX_LANGUAGE_STANDARD = "gnu++20";
				CLANG_ENABLE_MODULES = YES;
				CLANG_ENABLE_OBJC_ARC = YES;
				CLANG_ENABLE_OBJC_WEAK = YES;
				CLANG_WARN_BLOCK_CAPTURE_AUTORELEASING = YES;
				CLANG_WARN_BOOL_CONVERSION = YES;
				CLANG_WARN_COMMA = YES;
				CLANG_WARN_CONSTANT_CONVERSION = YES;
				CLANG_WARN_DEPRECATED_OBJC_IMPLEMENTATIONS = YES;
				CLANG_WARN_DIRECT_OBJC_ISA_USAGE = YES_ERROR;
				CLANG_WARN_DOCUMENTATION_COMMENTS = YES;
				CLANG_WARN_EMPTY_BODY = YES;
				CLANG_WARN_ENUM_CONVERSION = YES;
				CLANG_WARN_INFINITE_RECURSION = YES;
				CLANG_WARN_INT_CONVERSION = YES;
				CLANG_WARN_NON_LITERAL_NULL_CONVERSION = YES;
				CLANG_WARN_OBJC_IMPLICIT_RETAIN_SELF = YES;
				CLANG_WARN_OBJC_LITERAL_CONVERSION = YES;
				CLANG_WARN_OBJC_ROOT_CLASS = YES_ERROR;
				CLANG_WARN_QUOTED_INCLUDE_IN_FRAMEWORK_HEADER = YES;
				CLANG_WARN_RANGE_LOOP_ANALYSIS = YES;
				CLANG_WARN_STRICT_PROTOTYPES = YES;
				CLANG_WARN_SUSPICIOUS_MOVE = YES;
				CLANG_WARN_UNGUARDED_AVAILABILITY = YES_AGGRESSIVE;
				CLANG_WARN_UNREACHABLE_CODE = YES;
				CLANG_WARN__DUPLICATE_METHOD_MATCH = YES;
				COPY_PHASE_STRIP = NO;
				DEBUG_INFORMATION_FORMAT = dwarf;
				ENABLE_STRICT_OBJC_MSGSEND = YES;
				ENABLE_TESTABILITY = YES;
				ENABLE_USER_SCRIPT_SANDBOXING = YES;
				GCC_C_LANGUAGE_STANDARD = gnu17;
				GCC_DYNAMIC_NO_PIC = NO;
				GCC_NO_COMMON_BLOCKS = YES;
				GCC_OPTIMIZATION_LEVEL = 0;
				GCC_PREPROCESSOR_DEFINITIONS = (
					"DEBUG=1",
					"$(inherited)",
				);
				GCC_WARN_64_TO_32_BIT_CONVERSION = YES;
				GCC_WARN_ABOUT_RETURN_TYPE = YES_ERROR;
				GCC_WARN_UNDECLARED_SELECTOR = YES;
				GCC_WARN_UNINITIALIZED_AUTOS = YES_AGGRESSIVE;
				GCC_WARN_UNUSED_FUNCTION = YES;
				GCC_WARN_UNUSED_VARIABLE = YES;
				IPHONEOS_DEPLOYMENT_TARGET = 17.0;
				LOCALIZATION_PREFERS_STRING_CATALOGS = YES;
				MTL_ENABLE_DEBUG_INFO = INCLUDE_SOURCE;
				MTL_FAST_MATH = YES;
				ONLY_ACTIVE_ARCH = YES;
				SDKROOT = iphoneos;
				SWIFT_ACTIVE_COMPILATION_CONDITIONS = "DEBUG $(inherited)";
				SWIFT_OPTIMIZATION_LEVEL = "-Onone";
			};
			name = Debug;
		};
		BA8377F72B1189350058400E /* Release */ = {
			isa = XCBuildConfiguration;
			buildSettings = {
				ALWAYS_SEARCH_USER_PATHS = NO;
				ASSETCATALOG_COMPILER_GENERATE_SWIFT_ASSET_SYMBOL_EXTENSIONS = YES;
				CLANG_ANALYZER_NONNULL = YES;
				CLANG_ANALYZER_NUMBER_OBJECT_CONVERSION = YES_AGGRESSIVE;
				CLANG_CXX_LANGUAGE_STANDARD = "gnu++20";
				CLANG_ENABLE_MODULES = YES;
				CLANG_ENABLE_OBJC_ARC = YES;
				CLANG_ENABLE_OBJC_WEAK = YES;
				CLANG_WARN_BLOCK_CAPTURE_AUTORELEASING = YES;
				CLANG_WARN_BOOL_CONVERSION = YES;
				CLANG_WARN_COMMA = YES;
				CLANG_WARN_CONSTANT_CONVERSION = YES;
				CLANG_WARN_DEPRECATED_OBJC_IMPLEMENTATIONS = YES;
				CLANG_WARN_DIRECT_OBJC_ISA_USAGE = YES_ERROR;
				CLANG_WARN_DOCUMENTATION_COMMENTS = YES;
				CLANG_WARN_EMPTY_BODY = YES;
				CLANG_WARN_ENUM_CONVERSION = YES;
				CLANG_WARN_INFINITE_RECURSION = YES;
				CLANG_WARN_INT_CONVERSION = YES;
				CLANG_WARN_NON_LITERAL_NULL_CONVERSION = YES;
				CLANG_WARN_OBJC_IMPLICIT_RETAIN_SELF = YES;
				CLANG_WARN_OBJC_LITERAL_CONVERSION = YES;
				CLANG_WARN_OBJC_ROOT_CLASS = YES_ERROR;
				CLANG_WARN_QUOTED_INCLUDE_IN_FRAMEWORK_HEADER = YES;
				CLANG_WARN_RANGE_LOOP_ANALYSIS = YES;
				CLANG_WARN_STRICT_PROTOTYPES = YES;
				CLANG_WARN_SUSPICIOUS_MOVE = YES;
				CLANG_WARN_UNGUARDED_AVAILABILITY = YES_AGGRESSIVE;
				CLANG_WARN_UNREACHABLE_CODE = YES;
				CLANG_WARN__DUPLICATE_METHOD_MATCH = YES;
				COPY_PHASE_STRIP = NO;
				DEBUG_INFORMATION_FORMAT = "dwarf-with-dsym";
				ENABLE_NS_ASSERTIONS = NO;
				ENABLE_STRICT_OBJC_MSGSEND = YES;
				ENABLE_USER_SCRIPT_SANDBOXING = YES;
				GCC_C_LANGUAGE_STANDARD = gnu17;
				GCC_NO_COMMON_BLOCKS = YES;
				GCC_WARN_64_TO_32_BIT_CONVERSION = YES;
				GCC_WARN_ABOUT_RETURN_TYPE = YES_ERROR;
				GCC_WARN_UNDECLARED_SELECTOR = YES;
				GCC_WARN_UNINITIALIZED_AUTOS = YES_AGGRESSIVE;
				GCC_WARN_UNUSED_FUNCTION = YES;
				GCC_WARN_UNUSED_VARIABLE = YES;
				IPHONEOS_DEPLOYMENT_TARGET = 17.0;
				LOCALIZATION_PREFERS_STRING_CATALOGS = YES;
				MTL_ENABLE_DEBUG_INFO = NO;
				MTL_FAST_MATH = YES;
				SDKROOT = iphoneos;
				SWIFT_COMPILATION_MODE = wholemodule;
				VALIDATE_PRODUCT = YES;
			};
			name = Release;
		};
		BA8377F92B1189350058400E /* Debug */ = {
			isa = XCBuildConfiguration;
			buildSettings = {
				ASSETCATALOG_COMPILER_APPICON_NAME = AppIcon;
				ASSETCATALOG_COMPILER_GLOBAL_ACCENT_COLOR_NAME = AccentColor;
				CODE_SIGN_STYLE = Automatic;
				CURRENT_PROJECT_VERSION = 1;
				DEVELOPMENT_ASSET_PATHS = "\"MyVita/Preview Content\"";
				DEVELOPMENT_TEAM = U78ARP9FGA;
				ENABLE_PREVIEWS = YES;
				GENERATE_INFOPLIST_FILE = YES;
				INFOPLIST_KEY_UIApplicationSceneManifest_Generation = YES;
				INFOPLIST_KEY_UIApplicationSupportsIndirectInputEvents = YES;
				INFOPLIST_KEY_UILaunchScreen_Generation = YES;
				INFOPLIST_KEY_UISupportedInterfaceOrientations_iPad = "UIInterfaceOrientationPortrait UIInterfaceOrientationPortraitUpsideDown UIInterfaceOrientationLandscapeLeft UIInterfaceOrientationLandscapeRight";
				INFOPLIST_KEY_UISupportedInterfaceOrientations_iPhone = "UIInterfaceOrientationPortrait UIInterfaceOrientationLandscapeLeft UIInterfaceOrientationLandscapeRight";
				LD_RUNPATH_SEARCH_PATHS = (
					"$(inherited)",
					"@executable_path/Frameworks",
				);
				MARKETING_VERSION = 1.0;
				PRODUCT_BUNDLE_IDENTIFIER = smis.wisdom.peridot.MyVita;
				PRODUCT_NAME = "$(TARGET_NAME)";
				SWIFT_EMIT_LOC_STRINGS = YES;
				SWIFT_VERSION = 5.0;
				TARGETED_DEVICE_FAMILY = "1,2";
			};
			name = Debug;
		};
		BA8377FA2B1189350058400E /* Release */ = {
			isa = XCBuildConfiguration;
			buildSettings = {
				ASSETCATALOG_COMPILER_APPICON_NAME = AppIcon;
				ASSETCATALOG_COMPILER_GLOBAL_ACCENT_COLOR_NAME = AccentColor;
				CODE_SIGN_STYLE = Automatic;
				CURRENT_PROJECT_VERSION = 1;
				DEVELOPMENT_ASSET_PATHS = "\"MyVita/Preview Content\"";
				DEVELOPMENT_TEAM = U78ARP9FGA;
				ENABLE_PREVIEWS = YES;
				GENERATE_INFOPLIST_FILE = YES;
				INFOPLIST_KEY_UIApplicationSceneManifest_Generation = YES;
				INFOPLIST_KEY_UIApplicationSupportsIndirectInputEvents = YES;
				INFOPLIST_KEY_UILaunchScreen_Generation = YES;
				INFOPLIST_KEY_UISupportedInterfaceOrientations_iPad = "UIInterfaceOrientationPortrait UIInterfaceOrientationPortraitUpsideDown UIInterfaceOrientationLandscapeLeft UIInterfaceOrientationLandscapeRight";
				INFOPLIST_KEY_UISupportedInterfaceOrientations_iPhone = "UIInterfaceOrientationPortrait UIInterfaceOrientationLandscapeLeft UIInterfaceOrientationLandscapeRight";
				LD_RUNPATH_SEARCH_PATHS = (
					"$(inherited)",
					"@executable_path/Frameworks",
				);
				MARKETING_VERSION = 1.0;
				PRODUCT_BUNDLE_IDENTIFIER = smis.wisdom.peridot.MyVita;
				PRODUCT_NAME = "$(TARGET_NAME)";
				SWIFT_EMIT_LOC_STRINGS = YES;
				SWIFT_VERSION = 5.0;
				TARGETED_DEVICE_FAMILY = "1,2";
			};
			name = Release;
		};
/* End XCBuildConfiguration section */

/* Begin XCConfigurationList section */
		BA8377E52B1189350058400E /* Build configuration list for PBXProject "MyVita" */ = {
			isa = XCConfigurationList;
			buildConfigurations = (
				BA8377F62B1189350058400E /* Debug */,
				BA8377F72B1189350058400E /* Release */,
			);
			defaultConfigurationIsVisible = 0;
			defaultConfigurationName = Release;
		};
		BA8377F82B1189350058400E /* Build configuration list for PBXNativeTarget "MyVita" */ = {
			isa = XCConfigurationList;
			buildConfigurations = (
				BA8377F92B1189350058400E /* Debug */,
				BA8377FA2B1189350058400E /* Release */,
			);
			defaultConfigurationIsVisible = 0;
			defaultConfigurationName = Release;
		};
/* End XCConfigurationList section */
	};
	rootObject = BA8377E22B1189350058400E /* Project object */;
}
